// !$*UTF8*$!
{
	archiveVersion = 1;
	classes = {
	};
	objectVersion = 77;
	objects = {

/* Begin PBXBuildFile section */
		111988CC2D4A7628005C9C1E /* main.mm in Sources */ = {isa = PBXBuildFile; fileRef = 111988C42D4A7628005C9C1E /* main.mm */; };
		111988E12D4A7BEC005C9C1E /* Metal.framework in Frameworks */ = {isa = PBXBuildFile; fileRef = 111988E02D4A7BEC005C9C1E /* Metal.framework */; };
		111988E22D4A7F74005C9C1E /* Renderer.mm in Sources */ = {isa = PBXBuildFile; fileRef = 111988DA2D4A778D005C9C1E /* Renderer.mm */; };
		111988E92D4A8A18005C9C1E /* RendererPass.mm in Sources */ = {isa = PBXBuildFile; fileRef = 111988E82D4A89FE005C9C1E /* RendererPass.mm */; };
		111989352D4BC0CC005C9C1E /* imgui_impl_osx.mm in Sources */ = {isa = PBXBuildFile; fileRef = 111989252D4BC0CC005C9C1E /* imgui_impl_osx.mm */; };
		111989362D4BC0CC005C9C1E /* imgui_tables.cpp in Sources */ = {isa = PBXBuildFile; fileRef = 1119892F2D4BC0CC005C9C1E /* imgui_tables.cpp */; };
		111989372D4BC0CC005C9C1E /* imgui_draw.cpp in Sources */ = {isa = PBXBuildFile; fileRef = 1119892D2D4BC0CC005C9C1E /* imgui_draw.cpp */; };
		111989382D4BC0CC005C9C1E /* imgui_demo.cpp in Sources */ = {isa = PBXBuildFile; fileRef = 1119892C2D4BC0CC005C9C1E /* imgui_demo.cpp */; };
		111989392D4BC0CC005C9C1E /* imgui.cpp in Sources */ = {isa = PBXBuildFile; fileRef = 1119892B2D4BC0CC005C9C1E /* imgui.cpp */; };
		1119893A2D4BC0CC005C9C1E /* imgui_widgets.cpp in Sources */ = {isa = PBXBuildFile; fileRef = 111989302D4BC0CC005C9C1E /* imgui_widgets.cpp */; };
		1119893B2D4BC0CC005C9C1E /* imgui_impl_metal.mm in Sources */ = {isa = PBXBuildFile; fileRef = 111989232D4BC0CC005C9C1E /* imgui_impl_metal.mm */; };
		1119893C2D4BC0CC005C9C1E /* imgui_impl_sdl3.cpp in Sources */ = {isa = PBXBuildFile; fileRef = 111989272D4BC0CC005C9C1E /* imgui_impl_sdl3.cpp */; };
		1119893D2D4BC0CC005C9C1E /* LICENSE.txt in Resources */ = {isa = PBXBuildFile; fileRef = 111989342D4BC0CC005C9C1E /* LICENSE.txt */; };
		1119899D2D4BCCFA005C9C1E /* QuartzCore.framework in Frameworks */ = {isa = PBXBuildFile; fileRef = 1119899C2D4BCCFA005C9C1E /* QuartzCore.framework */; };
		1119899E2D4BCD4A005C9C1E /* libSDL3.0.dylib in Frameworks */ = {isa = PBXBuildFile; fileRef = 111989942D4BCCA7005C9C1E /* libSDL3.0.dylib */; };
		111989A02D4BCD62005C9C1E /* GameController.framework in Frameworks */ = {isa = PBXBuildFile; fileRef = 1119899F2D4BCD62005C9C1E /* GameController.framework */; };
		111989A12D4BCD6C005C9C1E /* AppKit.framework in Frameworks */ = {isa = PBXBuildFile; fileRef = 111989982D4BCCD1005C9C1E /* AppKit.framework */; };
		111989A52D4C406E005C9C1E /* imgui.ini in Resources */ = {isa = PBXBuildFile; fileRef = 111989A32D4C406E005C9C1E /* imgui.ini */; };
		111989AA2D4C4561005C9C1E /* OpenSans-Regular.ttf in Resources */ = {isa = PBXBuildFile; fileRef = 111989A92D4C4561005C9C1E /* OpenSans-Regular.ttf */; };
		111989C42D51822B005C9C1E /* DebugPass.mm in Sources */ = {isa = PBXBuildFile; fileRef = 111989C22D51822B005C9C1E /* DebugPass.mm */; };
		111989C52D51822B005C9C1E /* ForwardOpaquePass.mm in Sources */ = {isa = PBXBuildFile; fileRef = 111989C02D51822B005C9C1E /* ForwardOpaquePass.mm */; };
		111989CA2D51839A005C9C1E /* Application.mm in Sources */ = {isa = PBXBuildFile; fileRef = 111989C82D51839A005C9C1E /* Application.mm */; };
		111989CE2D518433005C9C1E /* Scene.cpp in Sources */ = {isa = PBXBuildFile; fileRef = 111989CC2D518433005C9C1E /* Scene.cpp */; };
/* End PBXBuildFile section */

/* Begin PBXFileReference section */
		1119884D2D4A74DA005C9C1E /* HSMR */ = {isa = PBXFileReference; explicitFileType = "compiled.mach-o.executable"; includeInIndex = 0; path = HSMR; sourceTree = BUILT_PRODUCTS_DIR; };
		111988C42D4A7628005C9C1E /* main.mm */ = {isa = PBXFileReference; lastKnownFileType = sourcecode.cpp.objcpp; path = main.mm; sourceTree = "<group>"; };
		111988D92D4A777B005C9C1E /* Renderer.h */ = {isa = PBXFileReference; lastKnownFileType = sourcecode.c.h; path = Renderer.h; sourceTree = "<group>"; };
		111988DA2D4A778D005C9C1E /* Renderer.mm */ = {isa = PBXFileReference; lastKnownFileType = sourcecode.cpp.objcpp; path = Renderer.mm; sourceTree = "<group>"; };
		111988E02D4A7BEC005C9C1E /* Metal.framework */ = {isa = PBXFileReference; lastKnownFileType = wrapper.framework; name = Metal.framework; path = System/Library/Frameworks/Metal.framework; sourceTree = SDKROOT; };
		111988E72D4A8978005C9C1E /* RendererPass.h */ = {isa = PBXFileReference; lastKnownFileType = sourcecode.c.h; path = RendererPass.h; sourceTree = "<group>"; };
		111988E82D4A89FE005C9C1E /* RendererPass.mm */ = {isa = PBXFileReference; lastKnownFileType = sourcecode.cpp.objcpp; path = RendererPass.mm; sourceTree = "<group>"; };
		111989222D4BC0CC005C9C1E /* imgui_impl_metal.h */ = {isa = PBXFileReference; lastKnownFileType = sourcecode.c.h; path = imgui_impl_metal.h; sourceTree = "<group>"; };
		111989232D4BC0CC005C9C1E /* imgui_impl_metal.mm */ = {isa = PBXFileReference; lastKnownFileType = sourcecode.cpp.objcpp; path = imgui_impl_metal.mm; sourceTree = "<group>"; };
		111989242D4BC0CC005C9C1E /* imgui_impl_osx.h */ = {isa = PBXFileReference; lastKnownFileType = sourcecode.c.h; path = imgui_impl_osx.h; sourceTree = "<group>"; };
		111989252D4BC0CC005C9C1E /* imgui_impl_osx.mm */ = {isa = PBXFileReference; lastKnownFileType = sourcecode.cpp.objcpp; path = imgui_impl_osx.mm; sourceTree = "<group>"; };
		111989262D4BC0CC005C9C1E /* imgui_impl_sdl3.h */ = {isa = PBXFileReference; lastKnownFileType = sourcecode.c.h; path = imgui_impl_sdl3.h; sourceTree = "<group>"; };
		111989272D4BC0CC005C9C1E /* imgui_impl_sdl3.cpp */ = {isa = PBXFileReference; lastKnownFileType = sourcecode.cpp.cpp; path = imgui_impl_sdl3.cpp; sourceTree = "<group>"; };
		111989292D4BC0CC005C9C1E /* imconfig.h */ = {isa = PBXFileReference; lastKnownFileType = sourcecode.c.h; path = imconfig.h; sourceTree = "<group>"; };
		1119892A2D4BC0CC005C9C1E /* imgui.h */ = {isa = PBXFileReference; lastKnownFileType = sourcecode.c.h; path = imgui.h; sourceTree = "<group>"; };
		1119892B2D4BC0CC005C9C1E /* imgui.cpp */ = {isa = PBXFileReference; lastKnownFileType = sourcecode.cpp.cpp; path = imgui.cpp; sourceTree = "<group>"; };
		1119892C2D4BC0CC005C9C1E /* imgui_demo.cpp */ = {isa = PBXFileReference; lastKnownFileType = sourcecode.cpp.cpp; path = imgui_demo.cpp; sourceTree = "<group>"; };
		1119892D2D4BC0CC005C9C1E /* imgui_draw.cpp */ = {isa = PBXFileReference; lastKnownFileType = sourcecode.cpp.cpp; path = imgui_draw.cpp; sourceTree = "<group>"; };
		1119892E2D4BC0CC005C9C1E /* imgui_internal.h */ = {isa = PBXFileReference; lastKnownFileType = sourcecode.c.h; path = imgui_internal.h; sourceTree = "<group>"; };
		1119892F2D4BC0CC005C9C1E /* imgui_tables.cpp */ = {isa = PBXFileReference; lastKnownFileType = sourcecode.cpp.cpp; path = imgui_tables.cpp; sourceTree = "<group>"; };
		111989302D4BC0CC005C9C1E /* imgui_widgets.cpp */ = {isa = PBXFileReference; lastKnownFileType = sourcecode.cpp.cpp; path = imgui_widgets.cpp; sourceTree = "<group>"; };
		111989312D4BC0CC005C9C1E /* imstb_rectpack.h */ = {isa = PBXFileReference; lastKnownFileType = sourcecode.c.h; path = imstb_rectpack.h; sourceTree = "<group>"; };
		111989322D4BC0CC005C9C1E /* imstb_textedit.h */ = {isa = PBXFileReference; lastKnownFileType = sourcecode.c.h; path = imstb_textedit.h; sourceTree = "<group>"; };
		111989332D4BC0CC005C9C1E /* imstb_truetype.h */ = {isa = PBXFileReference; lastKnownFileType = sourcecode.c.h; path = imstb_truetype.h; sourceTree = "<group>"; };
		111989342D4BC0CC005C9C1E /* LICENSE.txt */ = {isa = PBXFileReference; lastKnownFileType = text; path = LICENSE.txt; sourceTree = "<group>"; };
		1119893E2D4BC0ED005C9C1E /* SDL.h */ = {isa = PBXFileReference; lastKnownFileType = sourcecode.c.h; path = SDL.h; sourceTree = "<group>"; };
		1119893F2D4BC0ED005C9C1E /* SDL_assert.h */ = {isa = PBXFileReference; lastKnownFileType = sourcecode.c.h; path = SDL_assert.h; sourceTree = "<group>"; };
		111989402D4BC0ED005C9C1E /* SDL_asyncio.h */ = {isa = PBXFileReference; lastKnownFileType = sourcecode.c.h; path = SDL_asyncio.h; sourceTree = "<group>"; };
		111989412D4BC0ED005C9C1E /* SDL_atomic.h */ = {isa = PBXFileReference; lastKnownFileType = sourcecode.c.h; path = SDL_atomic.h; sourceTree = "<group>"; };
		111989422D4BC0ED005C9C1E /* SDL_audio.h */ = {isa = PBXFileReference; lastKnownFileType = sourcecode.c.h; path = SDL_audio.h; sourceTree = "<group>"; };
		111989432D4BC0ED005C9C1E /* SDL_begin_code.h */ = {isa = PBXFileReference; lastKnownFileType = sourcecode.c.h; path = SDL_begin_code.h; sourceTree = "<group>"; };
		111989442D4BC0ED005C9C1E /* SDL_bits.h */ = {isa = PBXFileReference; lastKnownFileType = sourcecode.c.h; path = SDL_bits.h; sourceTree = "<group>"; };
		111989452D4BC0ED005C9C1E /* SDL_blendmode.h */ = {isa = PBXFileReference; lastKnownFileType = sourcecode.c.h; path = SDL_blendmode.h; sourceTree = "<group>"; };
		111989462D4BC0ED005C9C1E /* SDL_camera.h */ = {isa = PBXFileReference; lastKnownFileType = sourcecode.c.h; path = SDL_camera.h; sourceTree = "<group>"; };
		111989472D4BC0ED005C9C1E /* SDL_clipboard.h */ = {isa = PBXFileReference; lastKnownFileType = sourcecode.c.h; path = SDL_clipboard.h; sourceTree = "<group>"; };
		111989482D4BC0ED005C9C1E /* SDL_close_code.h */ = {isa = PBXFileReference; lastKnownFileType = sourcecode.c.h; path = SDL_close_code.h; sourceTree = "<group>"; };
		111989492D4BC0ED005C9C1E /* SDL_copying.h */ = {isa = PBXFileReference; lastKnownFileType = sourcecode.c.h; path = SDL_copying.h; sourceTree = "<group>"; };
		1119894A2D4BC0ED005C9C1E /* SDL_cpuinfo.h */ = {isa = PBXFileReference; lastKnownFileType = sourcecode.c.h; path = SDL_cpuinfo.h; sourceTree = "<group>"; };
		1119894B2D4BC0ED005C9C1E /* SDL_dialog.h */ = {isa = PBXFileReference; lastKnownFileType = sourcecode.c.h; path = SDL_dialog.h; sourceTree = "<group>"; };
		1119894C2D4BC0ED005C9C1E /* SDL_egl.h */ = {isa = PBXFileReference; lastKnownFileType = sourcecode.c.h; path = SDL_egl.h; sourceTree = "<group>"; };
		1119894D2D4BC0ED005C9C1E /* SDL_endian.h */ = {isa = PBXFileReference; lastKnownFileType = sourcecode.c.h; path = SDL_endian.h; sourceTree = "<group>"; };
		1119894E2D4BC0ED005C9C1E /* SDL_error.h */ = {isa = PBXFileReference; lastKnownFileType = sourcecode.c.h; path = SDL_error.h; sourceTree = "<group>"; };
		1119894F2D4BC0ED005C9C1E /* SDL_events.h */ = {isa = PBXFileReference; lastKnownFileType = sourcecode.c.h; path = SDL_events.h; sourceTree = "<group>"; };
		111989502D4BC0ED005C9C1E /* SDL_filesystem.h */ = {isa = PBXFileReference; lastKnownFileType = sourcecode.c.h; path = SDL_filesystem.h; sourceTree = "<group>"; };
		111989512D4BC0ED005C9C1E /* SDL_gamepad.h */ = {isa = PBXFileReference; lastKnownFileType = sourcecode.c.h; path = SDL_gamepad.h; sourceTree = "<group>"; };
		111989522D4BC0ED005C9C1E /* SDL_gpu.h */ = {isa = PBXFileReference; lastKnownFileType = sourcecode.c.h; path = SDL_gpu.h; sourceTree = "<group>"; };
		111989532D4BC0ED005C9C1E /* SDL_guid.h */ = {isa = PBXFileReference; lastKnownFileType = sourcecode.c.h; path = SDL_guid.h; sourceTree = "<group>"; };
		111989542D4BC0ED005C9C1E /* SDL_haptic.h */ = {isa = PBXFileReference; lastKnownFileType = sourcecode.c.h; path = SDL_haptic.h; sourceTree = "<group>"; };
		111989552D4BC0ED005C9C1E /* SDL_hidapi.h */ = {isa = PBXFileReference; lastKnownFileType = sourcecode.c.h; path = SDL_hidapi.h; sourceTree = "<group>"; };
		111989562D4BC0ED005C9C1E /* SDL_hints.h */ = {isa = PBXFileReference; lastKnownFileType = sourcecode.c.h; path = SDL_hints.h; sourceTree = "<group>"; };
		111989572D4BC0ED005C9C1E /* SDL_init.h */ = {isa = PBXFileReference; lastKnownFileType = sourcecode.c.h; path = SDL_init.h; sourceTree = "<group>"; };
		111989582D4BC0ED005C9C1E /* SDL_intrin.h */ = {isa = PBXFileReference; lastKnownFileType = sourcecode.c.h; path = SDL_intrin.h; sourceTree = "<group>"; };
		111989592D4BC0ED005C9C1E /* SDL_iostream.h */ = {isa = PBXFileReference; lastKnownFileType = sourcecode.c.h; path = SDL_iostream.h; sourceTree = "<group>"; };
		1119895A2D4BC0ED005C9C1E /* SDL_joystick.h */ = {isa = PBXFileReference; lastKnownFileType = sourcecode.c.h; path = SDL_joystick.h; sourceTree = "<group>"; };
		1119895B2D4BC0ED005C9C1E /* SDL_keyboard.h */ = {isa = PBXFileReference; lastKnownFileType = sourcecode.c.h; path = SDL_keyboard.h; sourceTree = "<group>"; };
		1119895C2D4BC0ED005C9C1E /* SDL_keycode.h */ = {isa = PBXFileReference; lastKnownFileType = sourcecode.c.h; path = SDL_keycode.h; sourceTree = "<group>"; };
		1119895D2D4BC0ED005C9C1E /* SDL_loadso.h */ = {isa = PBXFileReference; lastKnownFileType = sourcecode.c.h; path = SDL_loadso.h; sourceTree = "<group>"; };
		1119895E2D4BC0ED005C9C1E /* SDL_locale.h */ = {isa = PBXFileReference; lastKnownFileType = sourcecode.c.h; path = SDL_locale.h; sourceTree = "<group>"; };
		1119895F2D4BC0ED005C9C1E /* SDL_log.h */ = {isa = PBXFileReference; lastKnownFileType = sourcecode.c.h; path = SDL_log.h; sourceTree = "<group>"; };
		111989602D4BC0ED005C9C1E /* SDL_main.h */ = {isa = PBXFileReference; lastKnownFileType = sourcecode.c.h; path = SDL_main.h; sourceTree = "<group>"; };
		111989612D4BC0ED005C9C1E /* SDL_main_impl.h */ = {isa = PBXFileReference; lastKnownFileType = sourcecode.c.h; path = SDL_main_impl.h; sourceTree = "<group>"; };
		111989622D4BC0ED005C9C1E /* SDL_messagebox.h */ = {isa = PBXFileReference; lastKnownFileType = sourcecode.c.h; path = SDL_messagebox.h; sourceTree = "<group>"; };
		111989632D4BC0ED005C9C1E /* SDL_metal.h */ = {isa = PBXFileReference; lastKnownFileType = sourcecode.c.h; path = SDL_metal.h; sourceTree = "<group>"; };
		111989642D4BC0ED005C9C1E /* SDL_misc.h */ = {isa = PBXFileReference; lastKnownFileType = sourcecode.c.h; path = SDL_misc.h; sourceTree = "<group>"; };
		111989652D4BC0ED005C9C1E /* SDL_mouse.h */ = {isa = PBXFileReference; lastKnownFileType = sourcecode.c.h; path = SDL_mouse.h; sourceTree = "<group>"; };
		111989662D4BC0ED005C9C1E /* SDL_mutex.h */ = {isa = PBXFileReference; lastKnownFileType = sourcecode.c.h; path = SDL_mutex.h; sourceTree = "<group>"; };
		111989672D4BC0ED005C9C1E /* SDL_oldnames.h */ = {isa = PBXFileReference; lastKnownFileType = sourcecode.c.h; path = SDL_oldnames.h; sourceTree = "<group>"; };
		111989682D4BC0ED005C9C1E /* SDL_opengl.h */ = {isa = PBXFileReference; lastKnownFileType = sourcecode.c.h; path = SDL_opengl.h; sourceTree = "<group>"; };
		111989692D4BC0ED005C9C1E /* SDL_opengl_glext.h */ = {isa = PBXFileReference; lastKnownFileType = sourcecode.c.h; path = SDL_opengl_glext.h; sourceTree = "<group>"; };
		1119896A2D4BC0ED005C9C1E /* SDL_opengles.h */ = {isa = PBXFileReference; lastKnownFileType = sourcecode.c.h; path = SDL_opengles.h; sourceTree = "<group>"; };
		1119896B2D4BC0ED005C9C1E /* SDL_opengles2.h */ = {isa = PBXFileReference; lastKnownFileType = sourcecode.c.h; path = SDL_opengles2.h; sourceTree = "<group>"; };
		1119896C2D4BC0ED005C9C1E /* SDL_opengles2_gl2.h */ = {isa = PBXFileReference; lastKnownFileType = sourcecode.c.h; path = SDL_opengles2_gl2.h; sourceTree = "<group>"; };
		1119896D2D4BC0ED005C9C1E /* SDL_opengles2_gl2ext.h */ = {isa = PBXFileReference; lastKnownFileType = sourcecode.c.h; path = SDL_opengles2_gl2ext.h; sourceTree = "<group>"; };
		1119896E2D4BC0ED005C9C1E /* SDL_opengles2_gl2platform.h */ = {isa = PBXFileReference; lastKnownFileType = sourcecode.c.h; path = SDL_opengles2_gl2platform.h; sourceTree = "<group>"; };
		1119896F2D4BC0ED005C9C1E /* SDL_opengles2_khrplatform.h */ = {isa = PBXFileReference; lastKnownFileType = sourcecode.c.h; path = SDL_opengles2_khrplatform.h; sourceTree = "<group>"; };
		111989702D4BC0ED005C9C1E /* SDL_pen.h */ = {isa = PBXFileReference; lastKnownFileType = sourcecode.c.h; path = SDL_pen.h; sourceTree = "<group>"; };
		111989712D4BC0ED005C9C1E /* SDL_pixels.h */ = {isa = PBXFileReference; lastKnownFileType = sourcecode.c.h; path = SDL_pixels.h; sourceTree = "<group>"; };
		111989722D4BC0ED005C9C1E /* SDL_platform.h */ = {isa = PBXFileReference; lastKnownFileType = sourcecode.c.h; path = SDL_platform.h; sourceTree = "<group>"; };
		111989732D4BC0ED005C9C1E /* SDL_platform_defines.h */ = {isa = PBXFileReference; lastKnownFileType = sourcecode.c.h; path = SDL_platform_defines.h; sourceTree = "<group>"; };
		111989742D4BC0ED005C9C1E /* SDL_power.h */ = {isa = PBXFileReference; lastKnownFileType = sourcecode.c.h; path = SDL_power.h; sourceTree = "<group>"; };
		111989752D4BC0ED005C9C1E /* SDL_process.h */ = {isa = PBXFileReference; lastKnownFileType = sourcecode.c.h; path = SDL_process.h; sourceTree = "<group>"; };
		111989762D4BC0ED005C9C1E /* SDL_properties.h */ = {isa = PBXFileReference; lastKnownFileType = sourcecode.c.h; path = SDL_properties.h; sourceTree = "<group>"; };
		111989772D4BC0ED005C9C1E /* SDL_rect.h */ = {isa = PBXFileReference; lastKnownFileType = sourcecode.c.h; path = SDL_rect.h; sourceTree = "<group>"; };
		111989782D4BC0ED005C9C1E /* SDL_render.h */ = {isa = PBXFileReference; lastKnownFileType = sourcecode.c.h; path = SDL_render.h; sourceTree = "<group>"; };
		111989792D4BC0ED005C9C1E /* SDL_revision.h */ = {isa = PBXFileReference; lastKnownFileType = sourcecode.c.h; path = SDL_revision.h; sourceTree = "<group>"; };
		1119897A2D4BC0ED005C9C1E /* SDL_scancode.h */ = {isa = PBXFileReference; lastKnownFileType = sourcecode.c.h; path = SDL_scancode.h; sourceTree = "<group>"; };
		1119897B2D4BC0ED005C9C1E /* SDL_sensor.h */ = {isa = PBXFileReference; lastKnownFileType = sourcecode.c.h; path = SDL_sensor.h; sourceTree = "<group>"; };
		1119897C2D4BC0ED005C9C1E /* SDL_stdinc.h */ = {isa = PBXFileReference; lastKnownFileType = sourcecode.c.h; path = SDL_stdinc.h; sourceTree = "<group>"; };
		1119897D2D4BC0ED005C9C1E /* SDL_storage.h */ = {isa = PBXFileReference; lastKnownFileType = sourcecode.c.h; path = SDL_storage.h; sourceTree = "<group>"; };
		1119897E2D4BC0ED005C9C1E /* SDL_surface.h */ = {isa = PBXFileReference; lastKnownFileType = sourcecode.c.h; path = SDL_surface.h; sourceTree = "<group>"; };
		1119897F2D4BC0ED005C9C1E /* SDL_system.h */ = {isa = PBXFileReference; lastKnownFileType = sourcecode.c.h; path = SDL_system.h; sourceTree = "<group>"; };
		111989802D4BC0ED005C9C1E /* SDL_test.h */ = {isa = PBXFileReference; lastKnownFileType = sourcecode.c.h; path = SDL_test.h; sourceTree = "<group>"; };
		111989812D4BC0ED005C9C1E /* SDL_test_assert.h */ = {isa = PBXFileReference; lastKnownFileType = sourcecode.c.h; path = SDL_test_assert.h; sourceTree = "<group>"; };
		111989822D4BC0ED005C9C1E /* SDL_test_common.h */ = {isa = PBXFileReference; lastKnownFileType = sourcecode.c.h; path = SDL_test_common.h; sourceTree = "<group>"; };
		111989832D4BC0ED005C9C1E /* SDL_test_compare.h */ = {isa = PBXFileReference; lastKnownFileType = sourcecode.c.h; path = SDL_test_compare.h; sourceTree = "<group>"; };
		111989842D4BC0ED005C9C1E /* SDL_test_crc32.h */ = {isa = PBXFileReference; lastKnownFileType = sourcecode.c.h; path = SDL_test_crc32.h; sourceTree = "<group>"; };
		111989852D4BC0ED005C9C1E /* SDL_test_font.h */ = {isa = PBXFileReference; lastKnownFileType = sourcecode.c.h; path = SDL_test_font.h; sourceTree = "<group>"; };
		111989862D4BC0ED005C9C1E /* SDL_test_fuzzer.h */ = {isa = PBXFileReference; lastKnownFileType = sourcecode.c.h; path = SDL_test_fuzzer.h; sourceTree = "<group>"; };
		111989872D4BC0ED005C9C1E /* SDL_test_harness.h */ = {isa = PBXFileReference; lastKnownFileType = sourcecode.c.h; path = SDL_test_harness.h; sourceTree = "<group>"; };
		111989882D4BC0ED005C9C1E /* SDL_test_log.h */ = {isa = PBXFileReference; lastKnownFileType = sourcecode.c.h; path = SDL_test_log.h; sourceTree = "<group>"; };
		111989892D4BC0ED005C9C1E /* SDL_test_md5.h */ = {isa = PBXFileReference; lastKnownFileType = sourcecode.c.h; path = SDL_test_md5.h; sourceTree = "<group>"; };
		1119898A2D4BC0ED005C9C1E /* SDL_test_memory.h */ = {isa = PBXFileReference; lastKnownFileType = sourcecode.c.h; path = SDL_test_memory.h; sourceTree = "<group>"; };
		1119898B2D4BC0ED005C9C1E /* SDL_thread.h */ = {isa = PBXFileReference; lastKnownFileType = sourcecode.c.h; path = SDL_thread.h; sourceTree = "<group>"; };
		1119898C2D4BC0ED005C9C1E /* SDL_time.h */ = {isa = PBXFileReference; lastKnownFileType = sourcecode.c.h; path = SDL_time.h; sourceTree = "<group>"; };
		1119898D2D4BC0ED005C9C1E /* SDL_timer.h */ = {isa = PBXFileReference; lastKnownFileType = sourcecode.c.h; path = SDL_timer.h; sourceTree = "<group>"; };
		1119898E2D4BC0ED005C9C1E /* SDL_touch.h */ = {isa = PBXFileReference; lastKnownFileType = sourcecode.c.h; path = SDL_touch.h; sourceTree = "<group>"; };
		1119898F2D4BC0ED005C9C1E /* SDL_tray.h */ = {isa = PBXFileReference; lastKnownFileType = sourcecode.c.h; path = SDL_tray.h; sourceTree = "<group>"; };
		111989902D4BC0ED005C9C1E /* SDL_version.h */ = {isa = PBXFileReference; lastKnownFileType = sourcecode.c.h; path = SDL_version.h; sourceTree = "<group>"; };
		111989912D4BC0ED005C9C1E /* SDL_video.h */ = {isa = PBXFileReference; lastKnownFileType = sourcecode.c.h; path = SDL_video.h; sourceTree = "<group>"; };
		111989922D4BC0ED005C9C1E /* SDL_vulkan.h */ = {isa = PBXFileReference; lastKnownFileType = sourcecode.c.h; path = SDL_vulkan.h; sourceTree = "<group>"; };
		111989942D4BCCA7005C9C1E /* libSDL3.0.dylib */ = {isa = PBXFileReference; lastKnownFileType = "compiled.mach-o.dylib"; name = libSDL3.0.dylib; path = Dependency/libSDL3.0.dylib; sourceTree = "<group>"; };
		111989982D4BCCD1005C9C1E /* AppKit.framework */ = {isa = PBXFileReference; lastKnownFileType = wrapper.framework; name = AppKit.framework; path = System/Library/Frameworks/AppKit.framework; sourceTree = SDKROOT; };
		1119899A2D4BCCD4005C9C1E /* MetalKit.framework */ = {isa = PBXFileReference; lastKnownFileType = wrapper.framework; name = MetalKit.framework; path = System/Library/Frameworks/MetalKit.framework; sourceTree = SDKROOT; };
		1119899C2D4BCCFA005C9C1E /* QuartzCore.framework */ = {isa = PBXFileReference; lastKnownFileType = wrapper.framework; name = QuartzCore.framework; path = System/Library/Frameworks/QuartzCore.framework; sourceTree = SDKROOT; };
		1119899F2D4BCD62005C9C1E /* GameController.framework */ = {isa = PBXFileReference; lastKnownFileType = wrapper.framework; name = GameController.framework; path = System/Library/Frameworks/GameController.framework; sourceTree = SDKROOT; };
		111989A32D4C406E005C9C1E /* imgui.ini */ = {isa = PBXFileReference; lastKnownFileType = text; path = imgui.ini; sourceTree = "<group>"; };
		111989A92D4C4561005C9C1E /* OpenSans-Regular.ttf */ = {isa = PBXFileReference; lastKnownFileType = file; path = "OpenSans-Regular.ttf"; sourceTree = "<group>"; };
		111989BF2D51822B005C9C1E /* ForwardOpaquePass.h */ = {isa = PBXFileReference; lastKnownFileType = sourcecode.c.h; path = ForwardOpaquePass.h; sourceTree = "<group>"; };
		111989C02D51822B005C9C1E /* ForwardOpaquePass.mm */ = {isa = PBXFileReference; lastKnownFileType = sourcecode.cpp.objcpp; path = ForwardOpaquePass.mm; sourceTree = "<group>"; };
		111989C12D51822B005C9C1E /* DebugPass.h */ = {isa = PBXFileReference; lastKnownFileType = sourcecode.c.h; path = DebugPass.h; sourceTree = "<group>"; };
		111989C22D51822B005C9C1E /* DebugPass.mm */ = {isa = PBXFileReference; lastKnownFileType = sourcecode.cpp.objcpp; path = DebugPass.mm; sourceTree = "<group>"; };
		111989C62D5182D0005C9C1E /* ForwardPass.h */ = {isa = PBXFileReference; lastKnownFileType = sourcecode.c.h; path = ForwardPass.h; sourceTree = "<group>"; };
		111989C72D51839A005C9C1E /* Application.h */ = {isa = PBXFileReference; lastKnownFileType = sourcecode.c.h; path = Application.h; sourceTree = "<group>"; };
		111989C82D51839A005C9C1E /* Application.mm */ = {isa = PBXFileReference; lastKnownFileType = sourcecode.cpp.objcpp; path = Application.mm; sourceTree = "<group>"; };
		111989C92D51839A005C9C1E /* Precompile.h */ = {isa = PBXFileReference; lastKnownFileType = sourcecode.c.h; path = Precompile.h; sourceTree = "<group>"; };
		111989CB2D518433005C9C1E /* Scene.h */ = {isa = PBXFileReference; lastKnownFileType = sourcecode.c.h; path = Scene.h; sourceTree = "<group>"; };
		111989CC2D518433005C9C1E /* Scene.cpp */ = {isa = PBXFileReference; lastKnownFileType = sourcecode.cpp.cpp; path = Scene.cpp; sourceTree = "<group>"; };
		111989CF2D518447005C9C1E /* Object.h */ = {isa = PBXFileReference; lastKnownFileType = sourcecode.c.h; path = Object.h; sourceTree = "<group>"; };
/* End PBXFileReference section */

/* Begin PBXFrameworksBuildPhase section */
		1119884A2D4A74DA005C9C1E /* Frameworks */ = {
			isa = PBXFrameworksBuildPhase;
			buildActionMask = 2147483647;
			files = (
				111989A12D4BCD6C005C9C1E /* AppKit.framework in Frameworks */,
				111989A02D4BCD62005C9C1E /* GameController.framework in Frameworks */,
				1119899E2D4BCD4A005C9C1E /* libSDL3.0.dylib in Frameworks */,
				1119899D2D4BCCFA005C9C1E /* QuartzCore.framework in Frameworks */,
				111988E12D4A7BEC005C9C1E /* Metal.framework in Frameworks */,
			);
			runOnlyForDeploymentPostprocessing = 0;
		};
/* End PBXFrameworksBuildPhase section */

/* Begin PBXGroup section */
		111988442D4A74DA005C9C1E = {
			isa = PBXGroup;
			children = (
				111989942D4BCCA7005C9C1E /* libSDL3.0.dylib */,
				1119891F2D4BBFF5005C9C1E /* Thirdparty */,
				111988E52D4A88E3005C9C1E /* RendererPass */,
				1119888E2D4A75F5005C9C1E /* Renderer */,
				111988CA2D4A7628005C9C1E /* Application */,
				111988DB2D4A78F9005C9C1E /* Frameworks */,
				1119884E2D4A74DA005C9C1E /* Products */,
				111989A42D4C406E005C9C1E /* Resource */,
				111989CD2D518433005C9C1E /* Scene */,
				111989D02D518447005C9C1E /* Object */,
			);
			sourceTree = "<group>";
		};
		1119884E2D4A74DA005C9C1E /* Products */ = {
			isa = PBXGroup;
			children = (
				1119884D2D4A74DA005C9C1E /* HSMR */,
			);
			name = Products;
			sourceTree = "<group>";
		};
		1119888E2D4A75F5005C9C1E /* Renderer */ = {
			isa = PBXGroup;
			children = (
				111988DA2D4A778D005C9C1E /* Renderer.mm */,
				111988D92D4A777B005C9C1E /* Renderer.h */,
			);
			path = Renderer;
			sourceTree = "<group>";
		};
		111988CA2D4A7628005C9C1E /* Application */ = {
			isa = PBXGroup;
			children = (
				111989C72D51839A005C9C1E /* Application.h */,
				111989C82D51839A005C9C1E /* Application.mm */,
				111989C92D51839A005C9C1E /* Precompile.h */,
				111988C42D4A7628005C9C1E /* main.mm */,
			);
			path = Application;
			sourceTree = "<group>";
		};
		111988DB2D4A78F9005C9C1E /* Frameworks */ = {
			isa = PBXGroup;
			children = (
				1119899F2D4BCD62005C9C1E /* GameController.framework */,
				1119899C2D4BCCFA005C9C1E /* QuartzCore.framework */,
				1119899A2D4BCCD4005C9C1E /* MetalKit.framework */,
				111989982D4BCCD1005C9C1E /* AppKit.framework */,
				111988E02D4A7BEC005C9C1E /* Metal.framework */,
			);
			name = Frameworks;
			sourceTree = "<group>";
		};
		111988E52D4A88E3005C9C1E /* RendererPass */ = {
			isa = PBXGroup;
			children = (
				111988E72D4A8978005C9C1E /* RendererPass.h */,
				111988E82D4A89FE005C9C1E /* RendererPass.mm */,
				111989C32D51822B005C9C1E /* ForwardPass */,
				111989C12D51822B005C9C1E /* DebugPass.h */,
				111989C22D51822B005C9C1E /* DebugPass.mm */,
			);
			path = RendererPass;
			sourceTree = "<group>";
		};
		1119891F2D4BBFF5005C9C1E /* Thirdparty */ = {
			isa = PBXGroup;
			children = (
				111989212D4BC00A005C9C1E /* SDL3 */,
				111989202D4BBFFF005C9C1E /* ImGui */,
			);
			path = Thirdparty;
			sourceTree = "<group>";
		};
		111989202D4BBFFF005C9C1E /* ImGui */ = {
			isa = PBXGroup;
			children = (
				111989282D4BC0CC005C9C1E /* backends */,
				111989292D4BC0CC005C9C1E /* imconfig.h */,
				1119892A2D4BC0CC005C9C1E /* imgui.h */,
				1119892B2D4BC0CC005C9C1E /* imgui.cpp */,
				1119892C2D4BC0CC005C9C1E /* imgui_demo.cpp */,
				1119892D2D4BC0CC005C9C1E /* imgui_draw.cpp */,
				1119892E2D4BC0CC005C9C1E /* imgui_internal.h */,
				1119892F2D4BC0CC005C9C1E /* imgui_tables.cpp */,
				111989302D4BC0CC005C9C1E /* imgui_widgets.cpp */,
				111989312D4BC0CC005C9C1E /* imstb_rectpack.h */,
				111989322D4BC0CC005C9C1E /* imstb_textedit.h */,
				111989332D4BC0CC005C9C1E /* imstb_truetype.h */,
				111989342D4BC0CC005C9C1E /* LICENSE.txt */,
			);
			path = ImGui;
			sourceTree = "<group>";
		};
		111989212D4BC00A005C9C1E /* SDL3 */ = {
			isa = PBXGroup;
			children = (
				1119893E2D4BC0ED005C9C1E /* SDL.h */,
				1119893F2D4BC0ED005C9C1E /* SDL_assert.h */,
				111989402D4BC0ED005C9C1E /* SDL_asyncio.h */,
				111989412D4BC0ED005C9C1E /* SDL_atomic.h */,
				111989422D4BC0ED005C9C1E /* SDL_audio.h */,
				111989432D4BC0ED005C9C1E /* SDL_begin_code.h */,
				111989442D4BC0ED005C9C1E /* SDL_bits.h */,
				111989452D4BC0ED005C9C1E /* SDL_blendmode.h */,
				111989462D4BC0ED005C9C1E /* SDL_camera.h */,
				111989472D4BC0ED005C9C1E /* SDL_clipboard.h */,
				111989482D4BC0ED005C9C1E /* SDL_close_code.h */,
				111989492D4BC0ED005C9C1E /* SDL_copying.h */,
				1119894A2D4BC0ED005C9C1E /* SDL_cpuinfo.h */,
				1119894B2D4BC0ED005C9C1E /* SDL_dialog.h */,
				1119894C2D4BC0ED005C9C1E /* SDL_egl.h */,
				1119894D2D4BC0ED005C9C1E /* SDL_endian.h */,
				1119894E2D4BC0ED005C9C1E /* SDL_error.h */,
				1119894F2D4BC0ED005C9C1E /* SDL_events.h */,
				111989502D4BC0ED005C9C1E /* SDL_filesystem.h */,
				111989512D4BC0ED005C9C1E /* SDL_gamepad.h */,
				111989522D4BC0ED005C9C1E /* SDL_gpu.h */,
				111989532D4BC0ED005C9C1E /* SDL_guid.h */,
				111989542D4BC0ED005C9C1E /* SDL_haptic.h */,
				111989552D4BC0ED005C9C1E /* SDL_hidapi.h */,
				111989562D4BC0ED005C9C1E /* SDL_hints.h */,
				111989572D4BC0ED005C9C1E /* SDL_init.h */,
				111989582D4BC0ED005C9C1E /* SDL_intrin.h */,
				111989592D4BC0ED005C9C1E /* SDL_iostream.h */,
				1119895A2D4BC0ED005C9C1E /* SDL_joystick.h */,
				1119895B2D4BC0ED005C9C1E /* SDL_keyboard.h */,
				1119895C2D4BC0ED005C9C1E /* SDL_keycode.h */,
				1119895D2D4BC0ED005C9C1E /* SDL_loadso.h */,
				1119895E2D4BC0ED005C9C1E /* SDL_locale.h */,
				1119895F2D4BC0ED005C9C1E /* SDL_log.h */,
				111989602D4BC0ED005C9C1E /* SDL_main.h */,
				111989612D4BC0ED005C9C1E /* SDL_main_impl.h */,
				111989622D4BC0ED005C9C1E /* SDL_messagebox.h */,
				111989632D4BC0ED005C9C1E /* SDL_metal.h */,
				111989642D4BC0ED005C9C1E /* SDL_misc.h */,
				111989652D4BC0ED005C9C1E /* SDL_mouse.h */,
				111989662D4BC0ED005C9C1E /* SDL_mutex.h */,
				111989672D4BC0ED005C9C1E /* SDL_oldnames.h */,
				111989682D4BC0ED005C9C1E /* SDL_opengl.h */,
				111989692D4BC0ED005C9C1E /* SDL_opengl_glext.h */,
				1119896A2D4BC0ED005C9C1E /* SDL_opengles.h */,
				1119896B2D4BC0ED005C9C1E /* SDL_opengles2.h */,
				1119896C2D4BC0ED005C9C1E /* SDL_opengles2_gl2.h */,
				1119896D2D4BC0ED005C9C1E /* SDL_opengles2_gl2ext.h */,
				1119896E2D4BC0ED005C9C1E /* SDL_opengles2_gl2platform.h */,
				1119896F2D4BC0ED005C9C1E /* SDL_opengles2_khrplatform.h */,
				111989702D4BC0ED005C9C1E /* SDL_pen.h */,
				111989712D4BC0ED005C9C1E /* SDL_pixels.h */,
				111989722D4BC0ED005C9C1E /* SDL_platform.h */,
				111989732D4BC0ED005C9C1E /* SDL_platform_defines.h */,
				111989742D4BC0ED005C9C1E /* SDL_power.h */,
				111989752D4BC0ED005C9C1E /* SDL_process.h */,
				111989762D4BC0ED005C9C1E /* SDL_properties.h */,
				111989772D4BC0ED005C9C1E /* SDL_rect.h */,
				111989782D4BC0ED005C9C1E /* SDL_render.h */,
				111989792D4BC0ED005C9C1E /* SDL_revision.h */,
				1119897A2D4BC0ED005C9C1E /* SDL_scancode.h */,
				1119897B2D4BC0ED005C9C1E /* SDL_sensor.h */,
				1119897C2D4BC0ED005C9C1E /* SDL_stdinc.h */,
				1119897D2D4BC0ED005C9C1E /* SDL_storage.h */,
				1119897E2D4BC0ED005C9C1E /* SDL_surface.h */,
				1119897F2D4BC0ED005C9C1E /* SDL_system.h */,
				111989802D4BC0ED005C9C1E /* SDL_test.h */,
				111989812D4BC0ED005C9C1E /* SDL_test_assert.h */,
				111989822D4BC0ED005C9C1E /* SDL_test_common.h */,
				111989832D4BC0ED005C9C1E /* SDL_test_compare.h */,
				111989842D4BC0ED005C9C1E /* SDL_test_crc32.h */,
				111989852D4BC0ED005C9C1E /* SDL_test_font.h */,
				111989862D4BC0ED005C9C1E /* SDL_test_fuzzer.h */,
				111989872D4BC0ED005C9C1E /* SDL_test_harness.h */,
				111989882D4BC0ED005C9C1E /* SDL_test_log.h */,
				111989892D4BC0ED005C9C1E /* SDL_test_md5.h */,
				1119898A2D4BC0ED005C9C1E /* SDL_test_memory.h */,
				1119898B2D4BC0ED005C9C1E /* SDL_thread.h */,
				1119898C2D4BC0ED005C9C1E /* SDL_time.h */,
				1119898D2D4BC0ED005C9C1E /* SDL_timer.h */,
				1119898E2D4BC0ED005C9C1E /* SDL_touch.h */,
				1119898F2D4BC0ED005C9C1E /* SDL_tray.h */,
				111989902D4BC0ED005C9C1E /* SDL_version.h */,
				111989912D4BC0ED005C9C1E /* SDL_video.h */,
				111989922D4BC0ED005C9C1E /* SDL_vulkan.h */,
			);
			path = SDL3;
			sourceTree = "<group>";
		};
		111989282D4BC0CC005C9C1E /* backends */ = {
			isa = PBXGroup;
			children = (
				111989222D4BC0CC005C9C1E /* imgui_impl_metal.h */,
				111989232D4BC0CC005C9C1E /* imgui_impl_metal.mm */,
				111989242D4BC0CC005C9C1E /* imgui_impl_osx.h */,
				111989252D4BC0CC005C9C1E /* imgui_impl_osx.mm */,
				111989262D4BC0CC005C9C1E /* imgui_impl_sdl3.h */,
				111989272D4BC0CC005C9C1E /* imgui_impl_sdl3.cpp */,
			);
			path = backends;
			sourceTree = "<group>";
		};
		111989A42D4C406E005C9C1E /* Resource */ = {
			isa = PBXGroup;
			children = (
				111989A32D4C406E005C9C1E /* imgui.ini */,
				111989A92D4C4561005C9C1E /* OpenSans-Regular.ttf */,
			);
			path = Resource;
			sourceTree = "<group>";
		};
		111989C32D51822B005C9C1E /* ForwardPass */ = {
			isa = PBXGroup;
			children = (
				111989C62D5182D0005C9C1E /* ForwardPass.h */,
				111989BF2D51822B005C9C1E /* ForwardOpaquePass.h */,
				111989C02D51822B005C9C1E /* ForwardOpaquePass.mm */,
			);
			path = ForwardPass;
			sourceTree = "<group>";
		};
		111989CD2D518433005C9C1E /* Scene */ = {
			isa = PBXGroup;
			children = (
				111989CB2D518433005C9C1E /* Scene.h */,
				111989CC2D518433005C9C1E /* Scene.cpp */,
			);
			path = Scene;
			sourceTree = "<group>";
		};
		111989D02D518447005C9C1E /* Object */ = {
			isa = PBXGroup;
			children = (
				111989CF2D518447005C9C1E /* Object.h */,
			);
			path = Object;
			sourceTree = "<group>";
		};
/* End PBXGroup section */

/* Begin PBXNativeTarget section */
		1119884C2D4A74DA005C9C1E /* HSMR */ = {
			isa = PBXNativeTarget;
			buildConfigurationList = 111988762D4A74DB005C9C1E /* Build configuration list for PBXNativeTarget "HSMR" */;
			buildPhases = (
				111988492D4A74DA005C9C1E /* Sources */,
				1119884A2D4A74DA005C9C1E /* Frameworks */,
				1119884B2D4A74DA005C9C1E /* Resources */,
			);
			buildRules = (
			);
			dependencies = (
			);
			name = HSMR;
			packageProductDependencies = (
			);
			productName = MetalSamples;
			productReference = 1119884D2D4A74DA005C9C1E /* HSMR */;
			productType = "com.apple.product-type.tool";
		};
/* End PBXNativeTarget section */

/* Begin PBXProject section */
		111988452D4A74DA005C9C1E /* Project object */ = {
			isa = PBXProject;
			attributes = {
				BuildIndependentTargetsInParallel = 1;
				LastUpgradeCheck = 1620;
				TargetAttributes = {
					1119884C2D4A74DA005C9C1E = {
						CreatedOnToolsVersion = 16.2;
					};
				};
			};
			buildConfigurationList = 111988482D4A74DA005C9C1E /* Build configuration list for PBXProject "HSMR" */;
			developmentRegion = en;
			hasScannedForEncodings = 0;
			knownRegions = (
				en,
				Base,
			);
			mainGroup = 111988442D4A74DA005C9C1E;
			minimizedProjectReferenceProxies = 1;
			preferredProjectObjectVersion = 77;
			productRefGroup = 1119884E2D4A74DA005C9C1E /* Products */;
			projectDirPath = "";
			projectRoot = "";
			targets = (
				1119884C2D4A74DA005C9C1E /* HSMR */,
			);
		};
/* End PBXProject section */

/* Begin PBXResourcesBuildPhase section */
		1119884B2D4A74DA005C9C1E /* Resources */ = {
			isa = PBXResourcesBuildPhase;
			buildActionMask = 2147483647;
			files = (
				111989A52D4C406E005C9C1E /* imgui.ini in Resources */,
				111989AA2D4C4561005C9C1E /* OpenSans-Regular.ttf in Resources */,
				1119893D2D4BC0CC005C9C1E /* LICENSE.txt in Resources */,
			);
			runOnlyForDeploymentPostprocessing = 0;
		};
/* End PBXResourcesBuildPhase section */

/* Begin PBXSourcesBuildPhase section */
		111988492D4A74DA005C9C1E /* Sources */ = {
			isa = PBXSourcesBuildPhase;
			buildActionMask = 2147483647;
			files = (
				111988E92D4A8A18005C9C1E /* RendererPass.mm in Sources */,
				111988E22D4A7F74005C9C1E /* Renderer.mm in Sources */,
				111989CA2D51839A005C9C1E /* Application.mm in Sources */,
				111989CE2D518433005C9C1E /* Scene.cpp in Sources */,
				111988CC2D4A7628005C9C1E /* main.mm in Sources */,
				111989C42D51822B005C9C1E /* DebugPass.mm in Sources */,
				111989C52D51822B005C9C1E /* ForwardOpaquePass.mm in Sources */,
				111989352D4BC0CC005C9C1E /* imgui_impl_osx.mm in Sources */,
				111989362D4BC0CC005C9C1E /* imgui_tables.cpp in Sources */,
				111989372D4BC0CC005C9C1E /* imgui_draw.cpp in Sources */,
				111989382D4BC0CC005C9C1E /* imgui_demo.cpp in Sources */,
				111989392D4BC0CC005C9C1E /* imgui.cpp in Sources */,
				1119893A2D4BC0CC005C9C1E /* imgui_widgets.cpp in Sources */,
				1119893B2D4BC0CC005C9C1E /* imgui_impl_metal.mm in Sources */,
				1119893C2D4BC0CC005C9C1E /* imgui_impl_sdl3.cpp in Sources */,
			);
			runOnlyForDeploymentPostprocessing = 0;
		};
/* End PBXSourcesBuildPhase section */

/* Begin XCBuildConfiguration section */
		111988742D4A74DB005C9C1E /* Debug */ = {
			isa = XCBuildConfiguration;
			buildSettings = {
				ALWAYS_SEARCH_USER_PATHS = NO;
				ASSETCATALOG_COMPILER_GENERATE_SWIFT_ASSET_SYMBOL_EXTENSIONS = YES;
				CLANG_ANALYZER_NONNULL = YES;
				CLANG_ANALYZER_NUMBER_OBJECT_CONVERSION = YES_AGGRESSIVE;
				CLANG_CXX_LANGUAGE_STANDARD = "gnu++20";
				CLANG_ENABLE_MODULES = YES;
				CLANG_ENABLE_OBJC_ARC = YES;
				CLANG_ENABLE_OBJC_WEAK = YES;
				CLANG_WARN_BLOCK_CAPTURE_AUTORELEASING = YES;
				CLANG_WARN_BOOL_CONVERSION = YES;
				CLANG_WARN_COMMA = YES;
				CLANG_WARN_CONSTANT_CONVERSION = YES;
				CLANG_WARN_DEPRECATED_OBJC_IMPLEMENTATIONS = YES;
				CLANG_WARN_DIRECT_OBJC_ISA_USAGE = YES_ERROR;
				CLANG_WARN_DOCUMENTATION_COMMENTS = YES;
				CLANG_WARN_EMPTY_BODY = YES;
				CLANG_WARN_ENUM_CONVERSION = YES;
				CLANG_WARN_INFINITE_RECURSION = YES;
				CLANG_WARN_INT_CONVERSION = YES;
				CLANG_WARN_NON_LITERAL_NULL_CONVERSION = YES;
				CLANG_WARN_OBJC_IMPLICIT_RETAIN_SELF = YES;
				CLANG_WARN_OBJC_LITERAL_CONVERSION = YES;
				CLANG_WARN_OBJC_ROOT_CLASS = YES_ERROR;
				CLANG_WARN_QUOTED_INCLUDE_IN_FRAMEWORK_HEADER = YES;
				CLANG_WARN_RANGE_LOOP_ANALYSIS = YES;
				CLANG_WARN_STRICT_PROTOTYPES = YES;
				CLANG_WARN_SUSPICIOUS_MOVE = YES;
				CLANG_WARN_UNGUARDED_AVAILABILITY = YES_AGGRESSIVE;
				CLANG_WARN_UNREACHABLE_CODE = YES;
				CLANG_WARN__DUPLICATE_METHOD_MATCH = YES;
				COPY_PHASE_STRIP = NO;
				DEBUG_INFORMATION_FORMAT = dwarf;
				ENABLE_STRICT_OBJC_MSGSEND = YES;
				ENABLE_TESTABILITY = YES;
				ENABLE_USER_SCRIPT_SANDBOXING = YES;
				GCC_C_LANGUAGE_STANDARD = gnu17;
				GCC_DYNAMIC_NO_PIC = NO;
				GCC_NO_COMMON_BLOCKS = YES;
				GCC_OPTIMIZATION_LEVEL = 0;
				GCC_PREPROCESSOR_DEFINITIONS = (
					"DEBUG=1",
					"$(inherited)",
				);
				GCC_WARN_64_TO_32_BIT_CONVERSION = YES;
				GCC_WARN_ABOUT_RETURN_TYPE = YES_ERROR;
				GCC_WARN_UNDECLARED_SELECTOR = YES;
				GCC_WARN_UNINITIALIZED_AUTOS = YES_AGGRESSIVE;
				GCC_WARN_UNUSED_FUNCTION = YES;
				GCC_WARN_UNUSED_VARIABLE = YES;
				LIBRARY_SEARCH_PATHS = ../Dependency;
				LOCALIZATION_PREFERS_STRING_CATALOGS = YES;
				MACOSX_DEPLOYMENT_TARGET = 15.1;
				MTL_ENABLE_DEBUG_INFO = INCLUDE_SOURCE;
				MTL_FAST_MATH = YES;
				ONLY_ACTIVE_ARCH = YES;
				SDKROOT = macosx;
			};
			name = Debug;
		};
		111988752D4A74DB005C9C1E /* Release */ = {
			isa = XCBuildConfiguration;
			buildSettings = {
				ALWAYS_SEARCH_USER_PATHS = NO;
				ASSETCATALOG_COMPILER_GENERATE_SWIFT_ASSET_SYMBOL_EXTENSIONS = YES;
				CLANG_ANALYZER_NONNULL = YES;
				CLANG_ANALYZER_NUMBER_OBJECT_CONVERSION = YES_AGGRESSIVE;
				CLANG_CXX_LANGUAGE_STANDARD = "gnu++20";
				CLANG_ENABLE_MODULES = YES;
				CLANG_ENABLE_OBJC_ARC = YES;
				CLANG_ENABLE_OBJC_WEAK = YES;
				CLANG_WARN_BLOCK_CAPTURE_AUTORELEASING = YES;
				CLANG_WARN_BOOL_CONVERSION = YES;
				CLANG_WARN_COMMA = YES;
				CLANG_WARN_CONSTANT_CONVERSION = YES;
				CLANG_WARN_DEPRECATED_OBJC_IMPLEMENTATIONS = YES;
				CLANG_WARN_DIRECT_OBJC_ISA_USAGE = YES_ERROR;
				CLANG_WARN_DOCUMENTATION_COMMENTS = YES;
				CLANG_WARN_EMPTY_BODY = YES;
				CLANG_WARN_ENUM_CONVERSION = YES;
				CLANG_WARN_INFINITE_RECURSION = YES;
				CLANG_WARN_INT_CONVERSION = YES;
				CLANG_WARN_NON_LITERAL_NULL_CONVERSION = YES;
				CLANG_WARN_OBJC_IMPLICIT_RETAIN_SELF = YES;
				CLANG_WARN_OBJC_LITERAL_CONVERSION = YES;
				CLANG_WARN_OBJC_ROOT_CLASS = YES_ERROR;
				CLANG_WARN_QUOTED_INCLUDE_IN_FRAMEWORK_HEADER = YES;
				CLANG_WARN_RANGE_LOOP_ANALYSIS = YES;
				CLANG_WARN_STRICT_PROTOTYPES = YES;
				CLANG_WARN_SUSPICIOUS_MOVE = YES;
				CLANG_WARN_UNGUARDED_AVAILABILITY = YES_AGGRESSIVE;
				CLANG_WARN_UNREACHABLE_CODE = YES;
				CLANG_WARN__DUPLICATE_METHOD_MATCH = YES;
				COPY_PHASE_STRIP = NO;
				DEBUG_INFORMATION_FORMAT = "dwarf-with-dsym";
				ENABLE_NS_ASSERTIONS = NO;
				ENABLE_STRICT_OBJC_MSGSEND = YES;
				ENABLE_USER_SCRIPT_SANDBOXING = YES;
				GCC_C_LANGUAGE_STANDARD = gnu17;
				GCC_NO_COMMON_BLOCKS = YES;
				GCC_WARN_64_TO_32_BIT_CONVERSION = YES;
				GCC_WARN_ABOUT_RETURN_TYPE = YES_ERROR;
				GCC_WARN_UNDECLARED_SELECTOR = YES;
				GCC_WARN_UNINITIALIZED_AUTOS = YES_AGGRESSIVE;
				GCC_WARN_UNUSED_FUNCTION = YES;
				GCC_WARN_UNUSED_VARIABLE = YES;
				LIBRARY_SEARCH_PATHS = ../Dependency;
				LOCALIZATION_PREFERS_STRING_CATALOGS = YES;
				MACOSX_DEPLOYMENT_TARGET = 15.1;
				MTL_ENABLE_DEBUG_INFO = NO;
				MTL_FAST_MATH = YES;
				SDKROOT = macosx;
			};
			name = Release;
		};
		111988772D4A74DB005C9C1E /* Debug */ = {
			isa = XCBuildConfiguration;
			buildSettings = {
				ASSETCATALOG_COMPILER_APPICON_NAME = AppIcon;
				ASSETCATALOG_COMPILER_GLOBAL_ACCENT_COLOR_NAME = AccentColor;
				CODE_SIGN_ENTITLEMENTS = "";
				CODE_SIGN_STYLE = Automatic;
				COMBINE_HIDPI_IMAGES = YES;
				CURRENT_PROJECT_VERSION = 1;
				GENERATE_INFOPLIST_FILE = NO;
				HEADER_SEARCH_PATHS = ./Thirdparty;
				INFOPLIST_FILE = "MetalSamples-Info.plist";
				INFOPLIST_KEY_NSHumanReadableCopyright = "";
				INFOPLIST_KEY_NSMainStoryboardFile = Main;
				INFOPLIST_KEY_NSPrincipalClass = NSApplication;
				LD_RUNPATH_SEARCH_PATHS = (
					"$(inherited)",
					"@executable_path/../Frameworks",
					$SRCROOT/Dependency,
				);
				LIBRARY_SEARCH_PATHS = (
					"$(inherited)",
					"$(PROJECT_DIR)/Dependency",
				);
				MARKETING_VERSION = 1.0;
				PRODUCT_BUNDLE_IDENTIFIER = com.hamsik2rang.MetalSamples;
				PRODUCT_NAME = "$(TARGET_NAME)";
				SWIFT_EMIT_LOC_STRINGS = YES;
				USER_HEADER_SEARCH_PATHS = ./Thirdparty;
			};
			name = Debug;
		};
		111988782D4A74DB005C9C1E /* Release */ = {
			isa = XCBuildConfiguration;
			buildSettings = {
				ASSETCATALOG_COMPILER_APPICON_NAME = AppIcon;
				ASSETCATALOG_COMPILER_GLOBAL_ACCENT_COLOR_NAME = AccentColor;
				CODE_SIGN_ENTITLEMENTS = "";
				CODE_SIGN_STYLE = Automatic;
				COMBINE_HIDPI_IMAGES = YES;
				CURRENT_PROJECT_VERSION = 1;
				GENERATE_INFOPLIST_FILE = NO;
				HEADER_SEARCH_PATHS = ./Thirdparty;
				INFOPLIST_FILE = "MetalSamples-Info.plist";
				INFOPLIST_KEY_NSHumanReadableCopyright = "";
				INFOPLIST_KEY_NSMainStoryboardFile = Main;
				INFOPLIST_KEY_NSPrincipalClass = NSApplication;
				LD_RUNPATH_SEARCH_PATHS = (
					"$(inherited)",
					"@executable_path/../Frameworks",
					$SRCROOT/Dependency,
				);
				LIBRARY_SEARCH_PATHS = (
					"$(inherited)",
					"$(PROJECT_DIR)/Dependency",
				);
				MARKETING_VERSION = 1.0;
				PRODUCT_BUNDLE_IDENTIFIER = com.hamsik2rang.MetalSamples;
				PRODUCT_NAME = "$(TARGET_NAME)";
				SWIFT_EMIT_LOC_STRINGS = YES;
				USER_HEADER_SEARCH_PATHS = ./Thirdparty;
			};
			name = Release;
		};
/* End XCBuildConfiguration section */

/* Begin XCConfigurationList section */
		111988482D4A74DA005C9C1E /* Build configuration list for PBXProject "HSMR" */ = {
			isa = XCConfigurationList;
			buildConfigurations = (
				111988742D4A74DB005C9C1E /* Debug */,
				111988752D4A74DB005C9C1E /* Release */,
			);
			defaultConfigurationIsVisible = 0;
			defaultConfigurationName = Release;
		};
		111988762D4A74DB005C9C1E /* Build configuration list for PBXNativeTarget "HSMR" */ = {
			isa = XCConfigurationList;
			buildConfigurations = (
				111988772D4A74DB005C9C1E /* Debug */,
				111988782D4A74DB005C9C1E /* Release */,
			);
			defaultConfigurationIsVisible = 0;
			defaultConfigurationName = Release;
		};
/* End XCConfigurationList section */
	};
	rootObject = 111988452D4A74DA005C9C1E /* Project object */;
}
